// !$*UTF8*$!
{
	archiveVersion = 1;
	classes = {
	};
	objectVersion = 56;
	objects = {

/* Begin PBXBuildFile section */
		69404A212B236AE300EA82EC /* TouchdownApp.swift in Sources */ = {isa = PBXBuildFile; fileRef = 69404A202B236AE300EA82EC /* TouchdownApp.swift */; };
		69404A232B236AE300EA82EC /* ContentView.swift in Sources */ = {isa = PBXBuildFile; fileRef = 69404A222B236AE300EA82EC /* ContentView.swift */; };
		69404A252B236AE400EA82EC /* Assets.xcassets in Resources */ = {isa = PBXBuildFile; fileRef = 69404A242B236AE400EA82EC /* Assets.xcassets */; };
		69404A282B236AE400EA82EC /* Preview Assets.xcassets in Resources */ = {isa = PBXBuildFile; fileRef = 69404A272B236AE400EA82EC /* Preview Assets.xcassets */; };
		69404A322B23888D00EA82EC /* player.json in Resources */ = {isa = PBXBuildFile; fileRef = 69404A2E2B23888D00EA82EC /* player.json */; };
		69404A332B23888D00EA82EC /* brand.json in Resources */ = {isa = PBXBuildFile; fileRef = 69404A2F2B23888D00EA82EC /* brand.json */; };
		69404A342B23888D00EA82EC /* product.json in Resources */ = {isa = PBXBuildFile; fileRef = 69404A302B23888D00EA82EC /* product.json */; };
		69404A352B23888D00EA82EC /* category.json in Resources */ = {isa = PBXBuildFile; fileRef = 69404A312B23888D00EA82EC /* category.json */; };
		69404A412B2389EA00EA82EC /* Constants.swift in Sources */ = {isa = PBXBuildFile; fileRef = 69404A402B2389EA00EA82EC /* Constants.swift */; };
		69404A432B238A7300EA82EC /* FooterView.swift in Sources */ = {isa = PBXBuildFile; fileRef = 69404A422B238A7300EA82EC /* FooterView.swift */; };
		69A1B76E2B2888CF00219480 /* NavigationBarView.swift in Sources */ = {isa = PBXBuildFile; fileRef = 69A1B76D2B2888CF00219480 /* NavigationBarView.swift */; };
		69A1B7702B288A2700219480 /* LogoView.swift in Sources */ = {isa = PBXBuildFile; fileRef = 69A1B76F2B288A2700219480 /* LogoView.swift */; };
		69A1B7722B28958D00219480 /* PlayerModel.swift in Sources */ = {isa = PBXBuildFile; fileRef = 69A1B7712B28958D00219480 /* PlayerModel.swift */; };
		69A1B7742B28961300219480 /* CodableBundleExtension.swift in Sources */ = {isa = PBXBuildFile; fileRef = 69A1B7732B28961300219480 /* CodableBundleExtension.swift */; };
		69A1B7762B2897E200219480 /* FeaturedItemView.swift in Sources */ = {isa = PBXBuildFile; fileRef = 69A1B7752B2897E200219480 /* FeaturedItemView.swift */; };
		69A1B7782B28A71500219480 /* FeaturedTabView.swift in Sources */ = {isa = PBXBuildFile; fileRef = 69A1B7772B28A71500219480 /* FeaturedTabView.swift */; };
		69A1B77A2B28C3DC00219480 /* CategoryModel.swift in Sources */ = {isa = PBXBuildFile; fileRef = 69A1B7792B28C3DC00219480 /* CategoryModel.swift */; };
		69A1B77C2B28C5DF00219480 /* CategoryItemView.swift in Sources */ = {isa = PBXBuildFile; fileRef = 69A1B77B2B28C5DF00219480 /* CategoryItemView.swift */; };
		69A1B77E2B28C81000219480 /* CategoryGridView.swift in Sources */ = {isa = PBXBuildFile; fileRef = 69A1B77D2B28C81000219480 /* CategoryGridView.swift */; };
		69A1B7802B28CFD300219480 /* SectionView.swift in Sources */ = {isa = PBXBuildFile; fileRef = 69A1B77F2B28CFD300219480 /* SectionView.swift */; };
		69A1B7822B28DA7A00219480 /* TitleView.swift in Sources */ = {isa = PBXBuildFile; fileRef = 69A1B7812B28DA7A00219480 /* TitleView.swift */; };
		69A1B7842B28DB3C00219480 /* ProductModel.swift in Sources */ = {isa = PBXBuildFile; fileRef = 69A1B7832B28DB3C00219480 /* ProductModel.swift */; };
		69A1B7862B28DBBF00219480 /* ProdiuctItemView.swift in Sources */ = {isa = PBXBuildFile; fileRef = 69A1B7852B28DBBF00219480 /* ProdiuctItemView.swift */; };
		69A1B7882B28E12D00219480 /* BrandModel.swift in Sources */ = {isa = PBXBuildFile; fileRef = 69A1B7872B28E12D00219480 /* BrandModel.swift */; };
		69A1B78A2B28E1B700219480 /* BrandItemView.swift in Sources */ = {isa = PBXBuildFile; fileRef = 69A1B7892B28E1B700219480 /* BrandItemView.swift */; };
		69A1B78C2B28E37B00219480 /* BrandGridView.swift in Sources */ = {isa = PBXBuildFile; fileRef = 69A1B78B2B28E37B00219480 /* BrandGridView.swift */; };
/* End PBXBuildFile section */

/* Begin PBXFileReference section */
		69404A1D2B236AE300EA82EC /* Touchdown.app */ = {isa = PBXFileReference; explicitFileType = wrapper.application; includeInIndex = 0; path = Touchdown.app; sourceTree = BUILT_PRODUCTS_DIR; };
		69404A202B236AE300EA82EC /* TouchdownApp.swift */ = {isa = PBXFileReference; lastKnownFileType = sourcecode.swift; path = TouchdownApp.swift; sourceTree = "<group>"; };
		69404A222B236AE300EA82EC /* ContentView.swift */ = {isa = PBXFileReference; lastKnownFileType = sourcecode.swift; path = ContentView.swift; sourceTree = "<group>"; };
		69404A242B236AE400EA82EC /* Assets.xcassets */ = {isa = PBXFileReference; lastKnownFileType = folder.assetcatalog; path = Assets.xcassets; sourceTree = "<group>"; };
		69404A272B236AE400EA82EC /* Preview Assets.xcassets */ = {isa = PBXFileReference; lastKnownFileType = folder.assetcatalog; path = "Preview Assets.xcassets"; sourceTree = "<group>"; };
		69404A2E2B23888D00EA82EC /* player.json */ = {isa = PBXFileReference; fileEncoding = 4; lastKnownFileType = text.json; path = player.json; sourceTree = "<group>"; };
		69404A2F2B23888D00EA82EC /* brand.json */ = {isa = PBXFileReference; fileEncoding = 4; lastKnownFileType = text.json; path = brand.json; sourceTree = "<group>"; };
		69404A302B23888D00EA82EC /* product.json */ = {isa = PBXFileReference; fileEncoding = 4; lastKnownFileType = text.json; path = product.json; sourceTree = "<group>"; };
		69404A312B23888D00EA82EC /* category.json */ = {isa = PBXFileReference; fileEncoding = 4; lastKnownFileType = text.json; path = category.json; sourceTree = "<group>"; };
		69404A382B2388FE00EA82EC /* Info.plist */ = {isa = PBXFileReference; lastKnownFileType = text.plist; path = Info.plist; sourceTree = "<group>"; };
		69404A402B2389EA00EA82EC /* Constants.swift */ = {isa = PBXFileReference; lastKnownFileType = sourcecode.swift; path = Constants.swift; sourceTree = "<group>"; };
		69404A422B238A7300EA82EC /* FooterView.swift */ = {isa = PBXFileReference; lastKnownFileType = sourcecode.swift; path = FooterView.swift; sourceTree = "<group>"; };
		69A1B76D2B2888CF00219480 /* NavigationBarView.swift */ = {isa = PBXFileReference; lastKnownFileType = sourcecode.swift; path = NavigationBarView.swift; sourceTree = "<group>"; };
		69A1B76F2B288A2700219480 /* LogoView.swift */ = {isa = PBXFileReference; lastKnownFileType = sourcecode.swift; path = LogoView.swift; sourceTree = "<group>"; };
		69A1B7712B28958D00219480 /* PlayerModel.swift */ = {isa = PBXFileReference; lastKnownFileType = sourcecode.swift; path = PlayerModel.swift; sourceTree = "<group>"; };
		69A1B7732B28961300219480 /* CodableBundleExtension.swift */ = {isa = PBXFileReference; lastKnownFileType = sourcecode.swift; path = CodableBundleExtension.swift; sourceTree = "<group>"; };
		69A1B7752B2897E200219480 /* FeaturedItemView.swift */ = {isa = PBXFileReference; lastKnownFileType = sourcecode.swift; path = FeaturedItemView.swift; sourceTree = "<group>"; };
		69A1B7772B28A71500219480 /* FeaturedTabView.swift */ = {isa = PBXFileReference; lastKnownFileType = sourcecode.swift; path = FeaturedTabView.swift; sourceTree = "<group>"; };
		69A1B7792B28C3DC00219480 /* CategoryModel.swift */ = {isa = PBXFileReference; lastKnownFileType = sourcecode.swift; path = CategoryModel.swift; sourceTree = "<group>"; };
		69A1B77B2B28C5DF00219480 /* CategoryItemView.swift */ = {isa = PBXFileReference; lastKnownFileType = sourcecode.swift; path = CategoryItemView.swift; sourceTree = "<group>"; };
		69A1B77D2B28C81000219480 /* CategoryGridView.swift */ = {isa = PBXFileReference; lastKnownFileType = sourcecode.swift; path = CategoryGridView.swift; sourceTree = "<group>"; };
		69A1B77F2B28CFD300219480 /* SectionView.swift */ = {isa = PBXFileReference; lastKnownFileType = sourcecode.swift; path = SectionView.swift; sourceTree = "<group>"; };
		69A1B7812B28DA7A00219480 /* TitleView.swift */ = {isa = PBXFileReference; lastKnownFileType = sourcecode.swift; path = TitleView.swift; sourceTree = "<group>"; };
		69A1B7832B28DB3C00219480 /* ProductModel.swift */ = {isa = PBXFileReference; lastKnownFileType = sourcecode.swift; path = ProductModel.swift; sourceTree = "<group>"; };
		69A1B7852B28DBBF00219480 /* ProdiuctItemView.swift */ = {isa = PBXFileReference; lastKnownFileType = sourcecode.swift; path = ProdiuctItemView.swift; sourceTree = "<group>"; };
		69A1B7872B28E12D00219480 /* BrandModel.swift */ = {isa = PBXFileReference; lastKnownFileType = sourcecode.swift; path = BrandModel.swift; sourceTree = "<group>"; };
		69A1B7892B28E1B700219480 /* BrandItemView.swift */ = {isa = PBXFileReference; lastKnownFileType = sourcecode.swift; path = BrandItemView.swift; sourceTree = "<group>"; };
		69A1B78B2B28E37B00219480 /* BrandGridView.swift */ = {isa = PBXFileReference; lastKnownFileType = sourcecode.swift; path = BrandGridView.swift; sourceTree = "<group>"; };
/* End PBXFileReference section */

/* Begin PBXFrameworksBuildPhase section */
		69404A1A2B236AE300EA82EC /* Frameworks */ = {
			isa = PBXFrameworksBuildPhase;
			buildActionMask = 2147483647;
			files = (
			);
			runOnlyForDeploymentPostprocessing = 0;
		};
/* End PBXFrameworksBuildPhase section */

/* Begin PBXGroup section */
		69404A142B236AE300EA82EC = {
			isa = PBXGroup;
			children = (
				69404A1F2B236AE300EA82EC /* Touchdown */,
				69404A1E2B236AE300EA82EC /* Products */,
			);
			sourceTree = "<group>";
		};
		69404A1E2B236AE300EA82EC /* Products */ = {
			isa = PBXGroup;
			children = (
				69404A1D2B236AE300EA82EC /* Touchdown.app */,
			);
			name = Products;
			sourceTree = "<group>";
		};
		69404A1F2B236AE300EA82EC /* Touchdown */ = {
			isa = PBXGroup;
			children = (
				69404A392B23896400EA82EC /* App */,
				69404A3A2B23898A00EA82EC /* View */,
				69404A3F2B2389CA00EA82EC /* Utility */,
				69404A3E2B2389BC00EA82EC /* Extension */,
				69404A3D2B2389A700EA82EC /* Model */,
				69404A382B2388FE00EA82EC /* Info.plist */,
				69404A372B2388B900EA82EC /* Data */,
				69404A242B236AE400EA82EC /* Assets.xcassets */,
				69404A262B236AE400EA82EC /* Preview Content */,
			);
			path = Touchdown;
			sourceTree = "<group>";
		};
		69404A262B236AE400EA82EC /* Preview Content */ = {
			isa = PBXGroup;
			children = (
				69404A272B236AE400EA82EC /* Preview Assets.xcassets */,
			);
			path = "Preview Content";
			sourceTree = "<group>";
		};
		69404A372B2388B900EA82EC /* Data */ = {
			isa = PBXGroup;
			children = (
				69404A2F2B23888D00EA82EC /* brand.json */,
				69404A312B23888D00EA82EC /* category.json */,
				69404A2E2B23888D00EA82EC /* player.json */,
				69404A302B23888D00EA82EC /* product.json */,
			);
			path = Data;
			sourceTree = "<group>";
		};
		69404A392B23896400EA82EC /* App */ = {
			isa = PBXGroup;
			children = (
				69404A202B236AE300EA82EC /* TouchdownApp.swift */,
				69404A222B236AE300EA82EC /* ContentView.swift */,
			);
			path = App;
			sourceTree = "<group>";
		};
		69404A3A2B23898A00EA82EC /* View */ = {
			isa = PBXGroup;
			children = (
				69404A3C2B23899B00EA82EC /* Home */,
				69404A3B2B23899300EA82EC /* Detail */,
			);
			path = View;
			sourceTree = "<group>";
		};
		69404A3B2B23899300EA82EC /* Detail */ = {
			isa = PBXGroup;
			children = (
			);
			path = Detail;
			sourceTree = "<group>";
		};
		69404A3C2B23899B00EA82EC /* Home */ = {
			isa = PBXGroup;
			children = (
				69404A422B238A7300EA82EC /* FooterView.swift */,
				69A1B76D2B2888CF00219480 /* NavigationBarView.swift */,
				69A1B76F2B288A2700219480 /* LogoView.swift */,
				69A1B7752B2897E200219480 /* FeaturedItemView.swift */,
				69A1B7772B28A71500219480 /* FeaturedTabView.swift */,
				69A1B77B2B28C5DF00219480 /* CategoryItemView.swift */,
				69A1B77D2B28C81000219480 /* CategoryGridView.swift */,
				69A1B77F2B28CFD300219480 /* SectionView.swift */,
				69A1B7812B28DA7A00219480 /* TitleView.swift */,
				69A1B7852B28DBBF00219480 /* ProdiuctItemView.swift */,
				69A1B7892B28E1B700219480 /* BrandItemView.swift */,
				69A1B78B2B28E37B00219480 /* BrandGridView.swift */,
			);
			path = Home;
			sourceTree = "<group>";
		};
		69404A3D2B2389A700EA82EC /* Model */ = {
			isa = PBXGroup;
			children = (
				69A1B7712B28958D00219480 /* PlayerModel.swift */,
				69A1B7792B28C3DC00219480 /* CategoryModel.swift */,
				69A1B7832B28DB3C00219480 /* ProductModel.swift */,
				69A1B7872B28E12D00219480 /* BrandModel.swift */,
			);
			path = Model;
			sourceTree = "<group>";
		};
		69404A3E2B2389BC00EA82EC /* Extension */ = {
			isa = PBXGroup;
			children = (
				69A1B7732B28961300219480 /* CodableBundleExtension.swift */,
			);
			path = Extension;
			sourceTree = "<group>";
		};
		69404A3F2B2389CA00EA82EC /* Utility */ = {
			isa = PBXGroup;
			children = (
				69404A402B2389EA00EA82EC /* Constants.swift */,
			);
			path = Utility;
			sourceTree = "<group>";
		};
/* End PBXGroup section */

/* Begin PBXNativeTarget section */
		69404A1C2B236AE300EA82EC /* Touchdown */ = {
			isa = PBXNativeTarget;
			buildConfigurationList = 69404A2B2B236AE400EA82EC /* Build configuration list for PBXNativeTarget "Touchdown" */;
			buildPhases = (
				69404A192B236AE300EA82EC /* Sources */,
				69404A1A2B236AE300EA82EC /* Frameworks */,
				69404A1B2B236AE300EA82EC /* Resources */,
			);
			buildRules = (
			);
			dependencies = (
			);
			name = Touchdown;
			productName = Touchdown;
			productReference = 69404A1D2B236AE300EA82EC /* Touchdown.app */;
			productType = "com.apple.product-type.application";
		};
/* End PBXNativeTarget section */

/* Begin PBXProject section */
		69404A152B236AE300EA82EC /* Project object */ = {
			isa = PBXProject;
			attributes = {
				BuildIndependentTargetsInParallel = 1;
				LastSwiftUpdateCheck = 1430;
				LastUpgradeCheck = 1430;
				TargetAttributes = {
					69404A1C2B236AE300EA82EC = {
						CreatedOnToolsVersion = 14.3.1;
					};
				};
			};
			buildConfigurationList = 69404A182B236AE300EA82EC /* Build configuration list for PBXProject "Touchdown" */;
			compatibilityVersion = "Xcode 14.0";
			developmentRegion = en;
			hasScannedForEncodings = 0;
			knownRegions = (
				en,
				Base,
			);
			mainGroup = 69404A142B236AE300EA82EC;
			productRefGroup = 69404A1E2B236AE300EA82EC /* Products */;
			projectDirPath = "";
			projectRoot = "";
			targets = (
				69404A1C2B236AE300EA82EC /* Touchdown */,
			);
		};
/* End PBXProject section */

/* Begin PBXResourcesBuildPhase section */
		69404A1B2B236AE300EA82EC /* Resources */ = {
			isa = PBXResourcesBuildPhase;
			buildActionMask = 2147483647;
			files = (
				69404A322B23888D00EA82EC /* player.json in Resources */,
				69404A332B23888D00EA82EC /* brand.json in Resources */,
				69404A282B236AE400EA82EC /* Preview Assets.xcassets in Resources */,
				69404A352B23888D00EA82EC /* category.json in Resources */,
				69404A252B236AE400EA82EC /* Assets.xcassets in Resources */,
				69404A342B23888D00EA82EC /* product.json in Resources */,
			);
			runOnlyForDeploymentPostprocessing = 0;
		};
/* End PBXResourcesBuildPhase section */

/* Begin PBXSourcesBuildPhase section */
		69404A192B236AE300EA82EC /* Sources */ = {
			isa = PBXSourcesBuildPhase;
			buildActionMask = 2147483647;
			files = (
				69A1B7742B28961300219480 /* CodableBundleExtension.swift in Sources */,
				69404A232B236AE300EA82EC /* ContentView.swift in Sources */,
				69A1B7702B288A2700219480 /* LogoView.swift in Sources */,
				69404A432B238A7300EA82EC /* FooterView.swift in Sources */,
				69A1B7762B2897E200219480 /* FeaturedItemView.swift in Sources */,
				69404A212B236AE300EA82EC /* TouchdownApp.swift in Sources */,
				69A1B78C2B28E37B00219480 /* BrandGridView.swift in Sources */,
				69404A412B2389EA00EA82EC /* Constants.swift in Sources */,
				69A1B77E2B28C81000219480 /* CategoryGridView.swift in Sources */,
				69A1B77A2B28C3DC00219480 /* CategoryModel.swift in Sources */,
				69A1B76E2B2888CF00219480 /* NavigationBarView.swift in Sources */,
				69A1B7802B28CFD300219480 /* SectionView.swift in Sources */,
				69A1B77C2B28C5DF00219480 /* CategoryItemView.swift in Sources */,
				69A1B78A2B28E1B700219480 /* BrandItemView.swift in Sources */,
				69A1B7782B28A71500219480 /* FeaturedTabView.swift in Sources */,
				69A1B7722B28958D00219480 /* PlayerModel.swift in Sources */,
				69A1B7822B28DA7A00219480 /* TitleView.swift in Sources */,
				69A1B7882B28E12D00219480 /* BrandModel.swift in Sources */,
				69A1B7862B28DBBF00219480 /* ProdiuctItemView.swift in Sources */,
				69A1B7842B28DB3C00219480 /* ProductModel.swift in Sources */,
			);
			runOnlyForDeploymentPostprocessing = 0;
		};
/* End PBXSourcesBuildPhase section */

/* Begin XCBuildConfiguration section */
		69404A292B236AE400EA82EC /* Debug */ = {
			isa = XCBuildConfiguration;
			buildSettings = {
				ALWAYS_SEARCH_USER_PATHS = NO;
				CLANG_ANALYZER_NONNULL = YES;
				CLANG_ANALYZER_NUMBER_OBJECT_CONVERSION = YES_AGGRESSIVE;
				CLANG_CXX_LANGUAGE_STANDARD = "gnu++20";
				CLANG_ENABLE_MODULES = YES;
				CLANG_ENABLE_OBJC_ARC = YES;
				CLANG_ENABLE_OBJC_WEAK = YES;
				CLANG_WARN_BLOCK_CAPTURE_AUTORELEASING = YES;
				CLANG_WARN_BOOL_CONVERSION = YES;
				CLANG_WARN_COMMA = YES;
				CLANG_WARN_CONSTANT_CONVERSION = YES;
				CLANG_WARN_DEPRECATED_OBJC_IMPLEMENTATIONS = YES;
				CLANG_WARN_DIRECT_OBJC_ISA_USAGE = YES_ERROR;
				CLANG_WARN_DOCUMENTATION_COMMENTS = YES;
				CLANG_WARN_EMPTY_BODY = YES;
				CLANG_WARN_ENUM_CONVERSION = YES;
				CLANG_WARN_INFINITE_RECURSION = YES;
				CLANG_WARN_INT_CONVERSION = YES;
				CLANG_WARN_NON_LITERAL_NULL_CONVERSION = YES;
				CLANG_WARN_OBJC_IMPLICIT_RETAIN_SELF = YES;
				CLANG_WARN_OBJC_LITERAL_CONVERSION = YES;
				CLANG_WARN_OBJC_ROOT_CLASS = YES_ERROR;
				CLANG_WARN_QUOTED_INCLUDE_IN_FRAMEWORK_HEADER = YES;
				CLANG_WARN_RANGE_LOOP_ANALYSIS = YES;
				CLANG_WARN_STRICT_PROTOTYPES = YES;
				CLANG_WARN_SUSPICIOUS_MOVE = YES;
				CLANG_WARN_UNGUARDED_AVAILABILITY = YES_AGGRESSIVE;
				CLANG_WARN_UNREACHABLE_CODE = YES;
				CLANG_WARN__DUPLICATE_METHOD_MATCH = YES;
				COPY_PHASE_STRIP = NO;
				DEBUG_INFORMATION_FORMAT = dwarf;
				ENABLE_STRICT_OBJC_MSGSEND = YES;
				ENABLE_TESTABILITY = YES;
				GCC_C_LANGUAGE_STANDARD = gnu11;
				GCC_DYNAMIC_NO_PIC = NO;
				GCC_NO_COMMON_BLOCKS = YES;
				GCC_OPTIMIZATION_LEVEL = 0;
				GCC_PREPROCESSOR_DEFINITIONS = (
					"DEBUG=1",
					"$(inherited)",
				);
				GCC_WARN_64_TO_32_BIT_CONVERSION = YES;
				GCC_WARN_ABOUT_RETURN_TYPE = YES_ERROR;
				GCC_WARN_UNDECLARED_SELECTOR = YES;
				GCC_WARN_UNINITIALIZED_AUTOS = YES_AGGRESSIVE;
				GCC_WARN_UNUSED_FUNCTION = YES;
				GCC_WARN_UNUSED_VARIABLE = YES;
				IPHONEOS_DEPLOYMENT_TARGET = 16.4;
				MTL_ENABLE_DEBUG_INFO = INCLUDE_SOURCE;
				MTL_FAST_MATH = YES;
				ONLY_ACTIVE_ARCH = YES;
				SDKROOT = iphoneos;
				SWIFT_ACTIVE_COMPILATION_CONDITIONS = DEBUG;
				SWIFT_OPTIMIZATION_LEVEL = "-Onone";
			};
			name = Debug;
		};
		69404A2A2B236AE400EA82EC /* Release */ = {
			isa = XCBuildConfiguration;
			buildSettings = {
				ALWAYS_SEARCH_USER_PATHS = NO;
				CLANG_ANALYZER_NONNULL = YES;
				CLANG_ANALYZER_NUMBER_OBJECT_CONVERSION = YES_AGGRESSIVE;
				CLANG_CXX_LANGUAGE_STANDARD = "gnu++20";
				CLANG_ENABLE_MODULES = YES;
				CLANG_ENABLE_OBJC_ARC = YES;
				CLANG_ENABLE_OBJC_WEAK = YES;
				CLANG_WARN_BLOCK_CAPTURE_AUTORELEASING = YES;
				CLANG_WARN_BOOL_CONVERSION = YES;
				CLANG_WARN_COMMA = YES;
				CLANG_WARN_CONSTANT_CONVERSION = YES;
				CLANG_WARN_DEPRECATED_OBJC_IMPLEMENTATIONS = YES;
				CLANG_WARN_DIRECT_OBJC_ISA_USAGE = YES_ERROR;
				CLANG_WARN_DOCUMENTATION_COMMENTS = YES;
				CLANG_WARN_EMPTY_BODY = YES;
				CLANG_WARN_ENUM_CONVERSION = YES;
				CLANG_WARN_INFINITE_RECURSION = YES;
				CLANG_WARN_INT_CONVERSION = YES;
				CLANG_WARN_NON_LITERAL_NULL_CONVERSION = YES;
				CLANG_WARN_OBJC_IMPLICIT_RETAIN_SELF = YES;
				CLANG_WARN_OBJC_LITERAL_CONVERSION = YES;
				CLANG_WARN_OBJC_ROOT_CLASS = YES_ERROR;
				CLANG_WARN_QUOTED_INCLUDE_IN_FRAMEWORK_HEADER = YES;
				CLANG_WARN_RANGE_LOOP_ANALYSIS = YES;
				CLANG_WARN_STRICT_PROTOTYPES = YES;
				CLANG_WARN_SUSPICIOUS_MOVE = YES;
				CLANG_WARN_UNGUARDED_AVAILABILITY = YES_AGGRESSIVE;
				CLANG_WARN_UNREACHABLE_CODE = YES;
				CLANG_WARN__DUPLICATE_METHOD_MATCH = YES;
				COPY_PHASE_STRIP = NO;
				DEBUG_INFORMATION_FORMAT = "dwarf-with-dsym";
				ENABLE_NS_ASSERTIONS = NO;
				ENABLE_STRICT_OBJC_MSGSEND = YES;
				GCC_C_LANGUAGE_STANDARD = gnu11;
				GCC_NO_COMMON_BLOCKS = YES;
				GCC_WARN_64_TO_32_BIT_CONVERSION = YES;
				GCC_WARN_ABOUT_RETURN_TYPE = YES_ERROR;
				GCC_WARN_UNDECLARED_SELECTOR = YES;
				GCC_WARN_UNINITIALIZED_AUTOS = YES_AGGRESSIVE;
				GCC_WARN_UNUSED_FUNCTION = YES;
				GCC_WARN_UNUSED_VARIABLE = YES;
				IPHONEOS_DEPLOYMENT_TARGET = 16.4;
				MTL_ENABLE_DEBUG_INFO = NO;
				MTL_FAST_MATH = YES;
				SDKROOT = iphoneos;
				SWIFT_COMPILATION_MODE = wholemodule;
				SWIFT_OPTIMIZATION_LEVEL = "-O";
				VALIDATE_PRODUCT = YES;
			};
			name = Release;
		};
		69404A2C2B236AE400EA82EC /* Debug */ = {
			isa = XCBuildConfiguration;
			buildSettings = {
				ASSETCATALOG_COMPILER_APPICON_NAME = AppIcon;
				ASSETCATALOG_COMPILER_GLOBAL_ACCENT_COLOR_NAME = AccentColor;
				CODE_SIGN_STYLE = Automatic;
				CURRENT_PROJECT_VERSION = 1;
				DEVELOPMENT_ASSET_PATHS = "\"Touchdown/Preview Content\"";
				DEVELOPMENT_TEAM = WULX6P3673;
				ENABLE_PREVIEWS = YES;
				GENERATE_INFOPLIST_FILE = YES;
				INFOPLIST_FILE = Touchdown/Info.plist;
				INFOPLIST_KEY_UIApplicationSceneManifest_Generation = YES;
				INFOPLIST_KEY_UIApplicationSupportsIndirectInputEvents = YES;
				INFOPLIST_KEY_UISupportedInterfaceOrientations = UIInterfaceOrientationPortrait;
				INFOPLIST_KEY_UISupportedInterfaceOrientations_iPad = "UIInterfaceOrientationPortrait UIInterfaceOrientationPortraitUpsideDown";
				INFOPLIST_KEY_UIUserInterfaceStyle = Light;
				LD_RUNPATH_SEARCH_PATHS = (
					"$(inherited)",
					"@executable_path/Frameworks",
				);
				MARKETING_VERSION = 1.0;
				PRODUCT_BUNDLE_IDENTIFIER = com.decentraa.Touchdown;
				PRODUCT_NAME = "$(TARGET_NAME)";
				SWIFT_EMIT_LOC_STRINGS = YES;
				SWIFT_VERSION = 5.0;
				TARGETED_DEVICE_FAMILY = "1,2";
			};
			name = Debug;
		};
		69404A2D2B236AE400EA82EC /* Release */ = {
			isa = XCBuildConfiguration;
			buildSettings = {
				ASSETCATALOG_COMPILER_APPICON_NAME = AppIcon;
				ASSETCATALOG_COMPILER_GLOBAL_ACCENT_COLOR_NAME = AccentColor;
				CODE_SIGN_STYLE = Automatic;
				CURRENT_PROJECT_VERSION = 1;
				DEVELOPMENT_ASSET_PATHS = "\"Touchdown/Preview Content\"";
				DEVELOPMENT_TEAM = WULX6P3673;
				ENABLE_PREVIEWS = YES;
				GENERATE_INFOPLIST_FILE = YES;
				INFOPLIST_FILE = Touchdown/Info.plist;
				INFOPLIST_KEY_UIApplicationSceneManifest_Generation = YES;
				INFOPLIST_KEY_UIApplicationSupportsIndirectInputEvents = YES;
				INFOPLIST_KEY_UISupportedInterfaceOrientations = UIInterfaceOrientationPortrait;
				INFOPLIST_KEY_UISupportedInterfaceOrientations_iPad = "UIInterfaceOrientationPortrait UIInterfaceOrientationPortraitUpsideDown";
				INFOPLIST_KEY_UIUserInterfaceStyle = Light;
				LD_RUNPATH_SEARCH_PATHS = (
					"$(inherited)",
					"@executable_path/Frameworks",
				);
				MARKETING_VERSION = 1.0;
				PRODUCT_BUNDLE_IDENTIFIER = com.decentraa.Touchdown;
				PRODUCT_NAME = "$(TARGET_NAME)";
				SWIFT_EMIT_LOC_STRINGS = YES;
				SWIFT_VERSION = 5.0;
				TARGETED_DEVICE_FAMILY = "1,2";
			};
			name = Release;
		};
/* End XCBuildConfiguration section */

/* Begin XCConfigurationList section */
		69404A182B236AE300EA82EC /* Build configuration list for PBXProject "Touchdown" */ = {
			isa = XCConfigurationList;
			buildConfigurations = (
				69404A292B236AE400EA82EC /* Debug */,
				69404A2A2B236AE400EA82EC /* Release */,
			);
			defaultConfigurationIsVisible = 0;
			defaultConfigurationName = Release;
		};
		69404A2B2B236AE400EA82EC /* Build configuration list for PBXNativeTarget "Touchdown" */ = {
			isa = XCConfigurationList;
			buildConfigurations = (
				69404A2C2B236AE400EA82EC /* Debug */,
				69404A2D2B236AE400EA82EC /* Release */,
			);
			defaultConfigurationIsVisible = 0;
			defaultConfigurationName = Release;
		};
/* End XCConfigurationList section */
	};
	rootObject = 69404A152B236AE300EA82EC /* Project object */;
}
